<?xml version="1.0" encoding="utf-8"?>
<Project ToolsVersion="4.0" xmlns="http://schemas.microsoft.com/developer/msbuild/2003">
  <ItemGroup>
    <Filter Include="资源文件">
      <UniqueIdentifier>{67DA6AB6-F800-4c08-8B7A-83BB121AAD01}</UniqueIdentifier>
      <Extensions>rc;ico;cur;bmp;dlg;rc2;rct;bin;rgs;gif;jpg;jpeg;jpe;resx;tiff;tif;png;wav;mfcribbon-ms</Extensions>
    </Filter>
    <Filter Include="Config">
      <UniqueIdentifier>{b60a318c-8817-48e6-b0f4-c3f1f409f5b0}</UniqueIdentifier>
    </Filter>
    <Filter Include="Plugin">
      <UniqueIdentifier>{f90e8c54-fb18-4b58-93f1-f1f93ea8ef21}</UniqueIdentifier>
    </Filter>
    <Filter Include="PhysiKASyetem">
      <UniqueIdentifier>{f162c653-dcfa-4f04-b761-71a4f09b7511}</UniqueIdentifier>
    </Filter>
    <Filter Include="PhyNet">
      <UniqueIdentifier>{b2e5dfb6-9152-4481-8e21-fac8fe0019c0}</UniqueIdentifier>
    </Filter>
    <Filter Include="Renderable">
      <UniqueIdentifier>{61bc2203-3e7a-483b-891f-57238a131ec0}</UniqueIdentifier>
    </Filter>
    <Filter Include="Component">
      <UniqueIdentifier>{ec336eb7-4aac-4381-bc09-d1de7edd5efb}</UniqueIdentifier>
    </Filter>
  </ItemGroup>
  <ItemGroup>
    <ClInclude Include="PhysiKaConfig.h">
      <Filter>Config</Filter>
    </ClInclude>
    <ClInclude Include="PhysiKASystemPlugin.h">
      <Filter>Plugin</Filter>
    </ClInclude>
    <ClInclude Include="PhysiKASystemExport.h">
      <Filter>Plugin</Filter>
    </ClInclude>
    <ClInclude Include="PhysiKASystemBase.h">
      <Filter>PhysiKASyetem</Filter>
    </ClInclude>
    <ClInclude Include="PhysiKASystem.h">
      <Filter>PhysiKASyetem</Filter>
    </ClInclude>
    <ClInclude Include="PhysiKaNetData.h">
      <Filter>PhyNet</Filter>
    </ClInclude>
    <ClInclude Include="PhyCommandDecoder.h">
      <Filter>PhyNet</Filter>
    </ClInclude>
    <ClInclude Include="SandRenderable.h">
      <Filter>Renderable</Filter>
    </ClInclude>
    <ClInclude Include="SandSimulationRegionComponent.h">
      <Filter>Component</Filter>
    </ClInclude>
    <ClInclude Include="ShallowSandEquationSolver.h">
      <Filter>Component</Filter>
    </ClInclude>
    <ClInclude Include="PhysIKAIntegration.h">
      <Filter>PhysiKASyetem</Filter>
    </ClInclude>
    <ClInclude Include="SandCudaUtils.h">
      <Filter>Component</Filter>
    </ClInclude>
    <ClInclude Include="PolygonRegion.h">
      <Filter>Component</Filter>
    </ClInclude>
    <ClInclude Include="PhysIKARegisterComponents.h">
      <Filter>Component</Filter>
    </ClInclude>
    <ClInclude Include="CarGroundCondition.h">
      <Filter>Component</Filter>
    </ClInclude>
  </ItemGroup>
  <ItemGroup>
    <ClCompile Include="PhysiKaConfig.cpp">
      <Filter>Config</Filter>
    </ClCompile>
    <ClCompile Include="PhysiKASystemPlugin.cpp">
      <Filter>Plugin</Filter>
    </ClCompile>
    <ClCompile Include="PhysiKASystemBase.cpp">
      <Filter>PhysiKASyetem</Filter>
    </ClCompile>
    <ClCompile Include="PhysiKASystem.cpp">
      <Filter>PhysiKASyetem</Filter>
    </ClCompile>
    <ClCompile Include="SandRenderable.cpp">
      <Filter>Renderable</Filter>
    </ClCompile>
    <ClCompile Include="SandSimulationRegionComponent.cpp">
      <Filter>Component</Filter>
    </ClCompile>
    <ClCompile Include="ShallowSandEquationSolver.cpp">
      <Filter>Component</Filter>
    </ClCompile>
    <ClCompile Include="PhysIKAIntegration.cpp">
      <Filter>PhysiKASyetem</Filter>
    </ClCompile>
    <ClCompile Include="PolygonRegion.cpp">
      <Filter>Component</Filter>
    </ClCompile>
    <ClCompile Include="PhysIKARegisterComponents.cpp">
      <Filter>Component</Filter>
    </ClCompile>
    <ClCompile Include="CarGroundCondition.cpp">
      <Filter>Component</Filter>
    </ClCompile>
  </ItemGroup>
  <ItemGroup>
    <CudaCompile Include="SandCudaUtils.cu">
      <Filter>Component</Filter>
    </CudaCompile>
  </ItemGroup>
</Project>